
Microsoft Visual Studio Solution File, Format Version 12.00
# Visual Studio Version 17
VisualStudioVersion = 17.7.34221.43
MinimumVisualStudioVersion = 10.0.40219.1
Project("{FAE04EC0-301F-11D3-BF4B-00C04F79EFBC}") = "organisationalChart", "organisationalChart.csproj", "{47DE6D6C-AC65-4DA8-B122-904270066FDE}"
EndProject
Global
	GlobalSection(SolutionConfigurationPlatforms) = preSolution
		Debug|Any CPU = Debug|Any CPU
		Release|Any CPU = Release|Any CPU
	EndGlobalSection
	GlobalSection(ProjectConfigurationPlatforms) = postSolution
		{47DE6D6C-AC65-4DA8-B122-904270066FDE}.Debug|Any CPU.ActiveCfg = Debug|Any CPU
		{47DE6D6C-AC65-4DA8-B122-904270066FDE}.Debug|Any CPU.Build.0 = Debug|Any CPU
		{47DE6D6C-AC65-4DA8-B122-904270066FDE}.Release|Any CPU.ActiveCfg = Release|Any CPU
		{47DE6D6C-AC65-4DA8-B122-904270066FDE}.Release|Any CPU.Build.0 = Release|Any CPU
	EndGlobalSection
	GlobalSection(SolutionProperties) = preSolution
		HideSolutionNode = FALSE
	EndGlobalSection
	GlobalSection(ExtensibilityGlobals) = postSolution
		SolutionGuid = {143ECA7A-8B45-4FD7-809D-FE5D9BD5E8C1}
	EndGlobalSection
EndGlobal
